{
    "_meta": {
        "hash": {
            "sha256": "e2819b66c86dc6034625e438c782fa2857038f98830eee543ab6644256886a87"
        },
        "pipfile-spec": 6,
        "requires": {
            "python_version": "2.7"
        },
        "sources": [
            {
                "name": "pypi",
                "url": "https://pypi.org/simple",
                "verify_ssl": true
            }
        ]
    },
    "default": {
        "scapy": {
            "hashes": [
                "sha256:452f714f5c2eac6fd0a6146b1dbddfc24dd5f4103f3ed76227995a488cfb2b73",
                "sha256:cb905d9ed1317c4418128c93e76386ff7c27034898e0181fbb3e94fea65924e6"
            ],
            "index": "pypi",
            "version": "==2.4.0"
        }
    },
    "develop": {}
}
